# Prisma Migrate lockfile v1

20200811142623
20200811150514
20200814154956
20200814155149
20200814202652
20200815112858
20200817190407
20200817201829
20200817201929
20200817202022
20200817202243
20200817205836
20200817210536
20200817212342
20200818054837
20200818060339
20200818060723
20200818061453
20200818065837